<Solution>
  <Configurations>
    <Platform Name="x64" />
    <Platform Name="x86" />
  </Configurations>
  <Project Path="build/WavPlayerTests.vcxproj" Id="c30c93e9-aeeb-38cc-a61a-47c9da3ed9fb">
    <Platform Project="x64" />
  </Project>
  <Project Path="WavPlayer.vcxproj" Id="48aff0b6-1c6e-46c5-b4dd-7bf0dc95857e" />
</Solution>
